
Microsoft Visual Studio Solution File, Format Version 12.00
# Visual Studio 15
VisualStudioVersion = 15.0.26730.3
MinimumVisualStudioVersion = 10.0.40219.1
Project("{FAE04EC0-301F-11D3-BF4B-00C04F79EFBC}") = "Cap09_lab01", "Cap09_lab01\Cap09_lab01.csproj", "{4CD3622A-D927-4518-B256-B227C62801A1}"
EndProject
Global
	GlobalSection(SolutionConfigurationPlatforms) = preSolution
		Debug|Any CPU = Debug|Any CPU
		Release|Any CPU = Release|Any CPU
	EndGlobalSection
	GlobalSection(ProjectConfigurationPlatforms) = postSolution
		{4CD3622A-D927-4518-B256-B227C62801A1}.Debug|Any CPU.ActiveCfg = Debug|Any CPU
		{4CD3622A-D927-4518-B256-B227C62801A1}.Debug|Any CPU.Build.0 = Debug|Any CPU
		{4CD3622A-D927-4518-B256-B227C62801A1}.Release|Any CPU.ActiveCfg = Release|Any CPU
		{4CD3622A-D927-4518-B256-B227C62801A1}.Release|Any CPU.Build.0 = Release|Any CPU
	EndGlobalSection
	GlobalSection(SolutionProperties) = preSolution
		HideSolutionNode = FALSE
	EndGlobalSection
	GlobalSection(ExtensibilityGlobals) = postSolution
		SolutionGuid = {4F64F0E1-59EE-488B-93B7-4AEA2ADA039F}
	EndGlobalSection
EndGlobal
